
Microsoft Visual Studio Solution File, Format Version 12.00
# Visual Studio 15
VisualStudioVersion = 15.0.28307.421
MinimumVisualStudioVersion = 10.0.40219.1
Project("{FAE04EC0-301F-11D3-BF4B-00C04F79EFBC}") = "FlySim(noAtmo)", "FlySim(noAtmo)\FlySim(noAtmo).csproj", "{65531E42-A5B6-44B0-AC83-2561F3ED737E}"
EndProject
Global
	GlobalSection(SolutionConfigurationPlatforms) = preSolution
		Debug|Any CPU = Debug|Any CPU
		Release|Any CPU = Release|Any CPU
	EndGlobalSection
	GlobalSection(ProjectConfigurationPlatforms) = postSolution
		{65531E42-A5B6-44B0-AC83-2561F3ED737E}.Debug|Any CPU.ActiveCfg = Debug|Any CPU
		{65531E42-A5B6-44B0-AC83-2561F3ED737E}.Debug|Any CPU.Build.0 = Debug|Any CPU
		{65531E42-A5B6-44B0-AC83-2561F3ED737E}.Release|Any CPU.ActiveCfg = Release|Any CPU
		{65531E42-A5B6-44B0-AC83-2561F3ED737E}.Release|Any CPU.Build.0 = Release|Any CPU
	EndGlobalSection
	GlobalSection(SolutionProperties) = preSolution
		HideSolutionNode = FALSE
	EndGlobalSection
	GlobalSection(ExtensibilityGlobals) = postSolution
		SolutionGuid = {69BFD746-CCDE-4B0D-AB75-9883267B3583}
	EndGlobalSection
EndGlobal
